// !$*UTF8*$!
{
	archiveVersion = 1;
	classes = {
	};
	objectVersion = 46;
	objects = {

/* Begin PBXBuildFile section */
		CB1650801A3164E200AB25DD /* MoviePreviewView.swift in Sources */ = {isa = PBXBuildFile; fileRef = CB16507F1A3164E200AB25DD /* MoviePreviewView.swift */; };
		CB1650821A31652700AB25DD /* EditMovieViewController.swift in Sources */ = {isa = PBXBuildFile; fileRef = CB1650811A31652700AB25DD /* EditMovieViewController.swift */; };
		CB5C77241A2D68A5007ACD7E /* TakeMovieViewController.swift in Sources */ = {isa = PBXBuildFile; fileRef = CB5C77231A2D68A5007ACD7E /* TakeMovieViewController.swift */; };
		CB5C77281A2DA4E5007ACD7E /* MainTabViewController.swift in Sources */ = {isa = PBXBuildFile; fileRef = CB5C77271A2DA4E5007ACD7E /* MainTabViewController.swift */; };
		CB5C772B1A2E0C9C007ACD7E /* PreTakeMovieViewController.swift in Sources */ = {isa = PBXBuildFile; fileRef = CB5C772A1A2E0C9C007ACD7E /* PreTakeMovieViewController.swift */; };
		CB63A5C31A3EEB9B0091B62B /* img1.JPG in Resources */ = {isa = PBXBuildFile; fileRef = CB63A5C21A3EEB9B0091B62B /* img1.JPG */; };
		CB63A5C71A3EF0460091B62B /* img3.JPG in Resources */ = {isa = PBXBuildFile; fileRef = CB63A5C61A3EF0460091B62B /* img3.JPG */; };
		CB78ED1B1A64262700CBAD45 /* main.mov in Resources */ = {isa = PBXBuildFile; fileRef = CB78ED191A64262700CBAD45 /* main.mov */; };
		CB78ED1C1A64262700CBAD45 /* prefix.mov in Resources */ = {isa = PBXBuildFile; fileRef = CB78ED1A1A64262700CBAD45 /* prefix.mov */; };
		CBB38B601A2F10B600610CB1 /* TakeMovieView.swift in Sources */ = {isa = PBXBuildFile; fileRef = CBB38B5F1A2F10B600610CB1 /* TakeMovieView.swift */; };
		CBC042691A25FC8800597951 /* AppDelegate.swift in Sources */ = {isa = PBXBuildFile; fileRef = CBC042681A25FC8800597951 /* AppDelegate.swift */; };
		CBC0426B1A25FC8800597951 /* HomeViewController.swift in Sources */ = {isa = PBXBuildFile; fileRef = CBC0426A1A25FC8800597951 /* HomeViewController.swift */; };
		CBC0426D1A25FC8800597951 /* AccountViewController.swift in Sources */ = {isa = PBXBuildFile; fileRef = CBC0426C1A25FC8800597951 /* AccountViewController.swift */; };
		CBC042701A25FC8800597951 /* Main.storyboard in Resources */ = {isa = PBXBuildFile; fileRef = CBC0426E1A25FC8800597951 /* Main.storyboard */; };
		CBC042721A25FC8800597951 /* Images.xcassets in Resources */ = {isa = PBXBuildFile; fileRef = CBC042711A25FC8800597951 /* Images.xcassets */; };
		CBC042751A25FC8800597951 /* LaunchScreen.xib in Resources */ = {isa = PBXBuildFile; fileRef = CBC042731A25FC8800597951 /* LaunchScreen.xib */; };
		CBC042811A25FC8800597951 /* TryDemoTests.swift in Sources */ = {isa = PBXBuildFile; fileRef = CBC042801A25FC8800597951 /* TryDemoTests.swift */; };
		CBD847521A354A31002A261A /* GenerateMovieFromImage.swift in Sources */ = {isa = PBXBuildFile; fileRef = CBD847511A354A31002A261A /* GenerateMovieFromImage.swift */; };
		CBD847551A359162002A261A /* GenerateMovieFromImage.m in Sources */ = {isa = PBXBuildFile; fileRef = CBD847541A359162002A261A /* GenerateMovieFromImage.m */; };
/* End PBXBuildFile section */

/* Begin PBXContainerItemProxy section */
		CBC0427B1A25FC8800597951 /* PBXContainerItemProxy */ = {
			isa = PBXContainerItemProxy;
			containerPortal = CBC0425B1A25FC8800597951 /* Project object */;
			proxyType = 1;
			remoteGlobalIDString = CBC042621A25FC8800597951;
			remoteInfo = TryDemo;
		};
/* End PBXContainerItemProxy section */

/* Begin PBXFileReference section */
		CB16507F1A3164E200AB25DD /* MoviePreviewView.swift */ = {isa = PBXFileReference; fileEncoding = 4; lastKnownFileType = sourcecode.swift; path = MoviePreviewView.swift; sourceTree = "<group>"; };
		CB1650811A31652700AB25DD /* EditMovieViewController.swift */ = {isa = PBXFileReference; fileEncoding = 4; lastKnownFileType = sourcecode.swift; path = EditMovieViewController.swift; sourceTree = "<group>"; };
		CB5C77231A2D68A5007ACD7E /* TakeMovieViewController.swift */ = {isa = PBXFileReference; fileEncoding = 4; lastKnownFileType = sourcecode.swift; path = TakeMovieViewController.swift; sourceTree = "<group>"; };
		CB5C77271A2DA4E5007ACD7E /* MainTabViewController.swift */ = {isa = PBXFileReference; fileEncoding = 4; lastKnownFileType = sourcecode.swift; path = MainTabViewController.swift; sourceTree = "<group>"; };
		CB5C772A1A2E0C9C007ACD7E /* PreTakeMovieViewController.swift */ = {isa = PBXFileReference; fileEncoding = 4; lastKnownFileType = sourcecode.swift; path = PreTakeMovieViewController.swift; sourceTree = "<group>"; };
		CB63A5C21A3EEB9B0091B62B /* img1.JPG */ = {isa = PBXFileReference; lastKnownFileType = image.jpeg; path = img1.JPG; sourceTree = "<group>"; };
		CB63A5C61A3EF0460091B62B /* img3.JPG */ = {isa = PBXFileReference; lastKnownFileType = image.jpeg; path = img3.JPG; sourceTree = "<group>"; };
		CB78ED191A64262700CBAD45 /* main.mov */ = {isa = PBXFileReference; lastKnownFileType = video.quicktime; path = main.mov; sourceTree = "<group>"; };
		CB78ED1A1A64262700CBAD45 /* prefix.mov */ = {isa = PBXFileReference; lastKnownFileType = video.quicktime; path = prefix.mov; sourceTree = "<group>"; };
		CBB38B5F1A2F10B600610CB1 /* TakeMovieView.swift */ = {isa = PBXFileReference; fileEncoding = 4; lastKnownFileType = sourcecode.swift; path = TakeMovieView.swift; sourceTree = "<group>"; };
		CBC042631A25FC8800597951 /* TryDemo.app */ = {isa = PBXFileReference; explicitFileType = wrapper.application; includeInIndex = 0; path = TryDemo.app; sourceTree = BUILT_PRODUCTS_DIR; };
		CBC042671A25FC8800597951 /* Info.plist */ = {isa = PBXFileReference; lastKnownFileType = text.plist.xml; path = Info.plist; sourceTree = "<group>"; };
		CBC042681A25FC8800597951 /* AppDelegate.swift */ = {isa = PBXFileReference; lastKnownFileType = sourcecode.swift; path = AppDelegate.swift; sourceTree = "<group>"; };
		CBC0426A1A25FC8800597951 /* HomeViewController.swift */ = {isa = PBXFileReference; lastKnownFileType = sourcecode.swift; path = HomeViewController.swift; sourceTree = "<group>"; };
		CBC0426C1A25FC8800597951 /* AccountViewController.swift */ = {isa = PBXFileReference; lastKnownFileType = sourcecode.swift; path = AccountViewController.swift; sourceTree = "<group>"; };
		CBC0426F1A25FC8800597951 /* Base */ = {isa = PBXFileReference; lastKnownFileType = file.storyboard; name = Base; path = Base.lproj/Main.storyboard; sourceTree = "<group>"; };
		CBC042711A25FC8800597951 /* Images.xcassets */ = {isa = PBXFileReference; lastKnownFileType = folder.assetcatalog; path = Images.xcassets; sourceTree = "<group>"; };
		CBC042741A25FC8800597951 /* Base */ = {isa = PBXFileReference; lastKnownFileType = file.xib; name = Base; path = Base.lproj/LaunchScreen.xib; sourceTree = "<group>"; };
		CBC0427A1A25FC8800597951 /* TryDemoTests.xctest */ = {isa = PBXFileReference; explicitFileType = wrapper.cfbundle; includeInIndex = 0; path = TryDemoTests.xctest; sourceTree = BUILT_PRODUCTS_DIR; };
		CBC0427F1A25FC8800597951 /* Info.plist */ = {isa = PBXFileReference; lastKnownFileType = text.plist.xml; path = Info.plist; sourceTree = "<group>"; };
		CBC042801A25FC8800597951 /* TryDemoTests.swift */ = {isa = PBXFileReference; lastKnownFileType = sourcecode.swift; path = TryDemoTests.swift; sourceTree = "<group>"; };
		CBD847511A354A31002A261A /* GenerateMovieFromImage.swift */ = {isa = PBXFileReference; fileEncoding = 4; lastKnownFileType = sourcecode.swift; path = GenerateMovieFromImage.swift; sourceTree = "<group>"; };
		CBD847531A359162002A261A /* TryDemo-Bridging-Header.h */ = {isa = PBXFileReference; lastKnownFileType = sourcecode.c.h; path = "TryDemo-Bridging-Header.h"; sourceTree = "<group>"; };
		CBD847541A359162002A261A /* GenerateMovieFromImage.m */ = {isa = PBXFileReference; fileEncoding = 4; lastKnownFileType = sourcecode.c.objc; path = GenerateMovieFromImage.m; sourceTree = "<group>"; };
		CBD847561A35AE6F002A261A /* GenerateMovieFromImage.h */ = {isa = PBXFileReference; lastKnownFileType = sourcecode.c.h; path = GenerateMovieFromImage.h; sourceTree = "<group>"; };
/* End PBXFileReference section */

/* Begin PBXFrameworksBuildPhase section */
		CBC042601A25FC8800597951 /* Frameworks */ = {
			isa = PBXFrameworksBuildPhase;
			buildActionMask = 2147483647;
			files = (
			);
			runOnlyForDeploymentPostprocessing = 0;
		};
		CBC042771A25FC8800597951 /* Frameworks */ = {
			isa = PBXFrameworksBuildPhase;
			buildActionMask = 2147483647;
			files = (
			);
			runOnlyForDeploymentPostprocessing = 0;
		};
/* End PBXFrameworksBuildPhase section */

/* Begin PBXGroup section */
		CB16507E1A3164A200AB25DD /* EditMovie */ = {
			isa = PBXGroup;
			children = (
				CB16507F1A3164E200AB25DD /* MoviePreviewView.swift */,
				CB1650811A31652700AB25DD /* EditMovieViewController.swift */,
				CBD847561A35AE6F002A261A /* GenerateMovieFromImage.h */,
				CBD847541A359162002A261A /* GenerateMovieFromImage.m */,
				CBD847531A359162002A261A /* TryDemo-Bridging-Header.h */,
				CBD847511A354A31002A261A /* GenerateMovieFromImage.swift */,
			);
			name = EditMovie;
			sourceTree = "<group>";
		};
		CB1650831A3166C300AB25DD /* TakeMovie */ = {
			isa = PBXGroup;
			children = (
				CBB38B5F1A2F10B600610CB1 /* TakeMovieView.swift */,
				CB5C77231A2D68A5007ACD7E /* TakeMovieViewController.swift */,
			);
			name = TakeMovie;
			sourceTree = "<group>";
		};
		CB1650841A3166E200AB25DD /* Home */ = {
			isa = PBXGroup;
			children = (
				CB5C77271A2DA4E5007ACD7E /* MainTabViewController.swift */,
				CBC0426A1A25FC8800597951 /* HomeViewController.swift */,
				CBC0426C1A25FC8800597951 /* AccountViewController.swift */,
				CB5C772A1A2E0C9C007ACD7E /* PreTakeMovieViewController.swift */,
			);
			name = Home;
			sourceTree = "<group>";
		};
		CBC0425A1A25FC8800597951 = {
			isa = PBXGroup;
			children = (
				CBC042651A25FC8800597951 /* TryDemo */,
				CBC0427D1A25FC8800597951 /* TryDemoTests */,
				CBC042641A25FC8800597951 /* Products */,
			);
			sourceTree = "<group>";
		};
		CBC042641A25FC8800597951 /* Products */ = {
			isa = PBXGroup;
			children = (
				CBC042631A25FC8800597951 /* TryDemo.app */,
				CBC0427A1A25FC8800597951 /* TryDemoTests.xctest */,
			);
			name = Products;
			sourceTree = "<group>";
		};
		CBC042651A25FC8800597951 /* TryDemo */ = {
			isa = PBXGroup;
			children = (
				CBC042681A25FC8800597951 /* AppDelegate.swift */,
				CB1650841A3166E200AB25DD /* Home */,
				CB1650831A3166C300AB25DD /* TakeMovie */,
				CB16507E1A3164A200AB25DD /* EditMovie */,
				CBC0426E1A25FC8800597951 /* Main.storyboard */,
				CB78ED191A64262700CBAD45 /* main.mov */,
				CB78ED1A1A64262700CBAD45 /* prefix.mov */,
				CB63A5C21A3EEB9B0091B62B /* img1.JPG */,
				CB63A5C61A3EF0460091B62B /* img3.JPG */,
				CBC042711A25FC8800597951 /* Images.xcassets */,
				CBC042731A25FC8800597951 /* LaunchScreen.xib */,
				CBC042661A25FC8800597951 /* Supporting Files */,
			);
			path = TryDemo;
			sourceTree = "<group>";
		};
		CBC042661A25FC8800597951 /* Supporting Files */ = {
			isa = PBXGroup;
			children = (
				CBC042671A25FC8800597951 /* Info.plist */,
			);
			name = "Supporting Files";
			sourceTree = "<group>";
		};
		CBC0427D1A25FC8800597951 /* TryDemoTests */ = {
			isa = PBXGroup;
			children = (
				CBC042801A25FC8800597951 /* TryDemoTests.swift */,
				CBC0427E1A25FC8800597951 /* Supporting Files */,
			);
			path = TryDemoTests;
			sourceTree = "<group>";
		};
		CBC0427E1A25FC8800597951 /* Supporting Files */ = {
			isa = PBXGroup;
			children = (
				CBC0427F1A25FC8800597951 /* Info.plist */,
			);
			name = "Supporting Files";
			sourceTree = "<group>";
		};
/* End PBXGroup section */

/* Begin PBXNativeTarget section */
		CBC042621A25FC8800597951 /* TryDemo */ = {
			isa = PBXNativeTarget;
			buildConfigurationList = CBC042841A25FC8800597951 /* Build configuration list for PBXNativeTarget "TryDemo" */;
			buildPhases = (
				CBC0425F1A25FC8800597951 /* Sources */,
				CBC042601A25FC8800597951 /* Frameworks */,
				CBC042611A25FC8800597951 /* Resources */,
				CBC0428A1A2606B900597951 /* ShellScript */,
			);
			buildRules = (
			);
			dependencies = (
			);
			name = TryDemo;
			productName = TryDemo;
			productReference = CBC042631A25FC8800597951 /* TryDemo.app */;
			productType = "com.apple.product-type.application";
		};
		CBC042791A25FC8800597951 /* TryDemoTests */ = {
			isa = PBXNativeTarget;
			buildConfigurationList = CBC042871A25FC8800597951 /* Build configuration list for PBXNativeTarget "TryDemoTests" */;
			buildPhases = (
				CBC042761A25FC8800597951 /* Sources */,
				CBC042771A25FC8800597951 /* Frameworks */,
				CBC042781A25FC8800597951 /* Resources */,
			);
			buildRules = (
			);
			dependencies = (
				CBC0427C1A25FC8800597951 /* PBXTargetDependency */,
			);
			name = TryDemoTests;
			productName = TryDemoTests;
			productReference = CBC0427A1A25FC8800597951 /* TryDemoTests.xctest */;
			productType = "com.apple.product-type.bundle.unit-test";
		};
/* End PBXNativeTarget section */

/* Begin PBXProject section */
		CBC0425B1A25FC8800597951 /* Project object */ = {
			isa = PBXProject;
			attributes = {
				LastUpgradeCheck = 0610;
				ORGANIZATIONNAME = sunset;
				TargetAttributes = {
					CBC042621A25FC8800597951 = {
						CreatedOnToolsVersion = 6.1;
					};
					CBC042791A25FC8800597951 = {
						CreatedOnToolsVersion = 6.1;
						TestTargetID = CBC042621A25FC8800597951;
					};
				};
			};
			buildConfigurationList = CBC0425E1A25FC8800597951 /* Build configuration list for PBXProject "TryDemo" */;
			compatibilityVersion = "Xcode 3.2";
			developmentRegion = English;
			hasScannedForEncodings = 0;
			knownRegions = (
				en,
				Base,
			);
			mainGroup = CBC0425A1A25FC8800597951;
			productRefGroup = CBC042641A25FC8800597951 /* Products */;
			projectDirPath = "";
			projectRoot = "";
			targets = (
				CBC042621A25FC8800597951 /* TryDemo */,
				CBC042791A25FC8800597951 /* TryDemoTests */,
			);
		};
/* End PBXProject section */

/* Begin PBXResourcesBuildPhase section */
		CBC042611A25FC8800597951 /* Resources */ = {
			isa = PBXResourcesBuildPhase;
			buildActionMask = 2147483647;
			files = (
				CBC042701A25FC8800597951 /* Main.storyboard in Resources */,
				CB63A5C31A3EEB9B0091B62B /* img1.JPG in Resources */,
				CBC042751A25FC8800597951 /* LaunchScreen.xib in Resources */,
				CB78ED1B1A64262700CBAD45 /* main.mov in Resources */,
				CB63A5C71A3EF0460091B62B /* img3.JPG in Resources */,
				CB78ED1C1A64262700CBAD45 /* prefix.mov in Resources */,
				CBC042721A25FC8800597951 /* Images.xcassets in Resources */,
			);
			runOnlyForDeploymentPostprocessing = 0;
		};
		CBC042781A25FC8800597951 /* Resources */ = {
			isa = PBXResourcesBuildPhase;
			buildActionMask = 2147483647;
			files = (
			);
			runOnlyForDeploymentPostprocessing = 0;
		};
/* End PBXResourcesBuildPhase section */

/* Begin PBXShellScriptBuildPhase section */
		CBC0428A1A2606B900597951 /* ShellScript */ = {
			isa = PBXShellScriptBuildPhase;
			buildActionMask = 2147483647;
			files = (
			);
			inputPaths = (
			);
			outputPaths = (
			);
			runOnlyForDeploymentPostprocessing = 0;
			shellPath = /bin/sh;
			shellScript = "export CODESIGN_ALLOCATE=/Applications/Xcode.app/Contents/Developer/Platforms/iPhoneOS.platform/Developer/usr/bin/codesign_allocate\nif [ \"${PLATFORM_NAME}\" == \"iphoneos\" ] || [ \"${PLATFORM_NAME}\" == \"ipados\" ]; then\n/Applications/Xcode.app/Contents/Developer/iphoneentitlements/gen_entitlements.py \"my.company.${PROJECT_NAME}\" \"${BUILT_PRODUCTS_DIR}/${WRAPPER_NAME}/${PROJECT_NAME}.xcent\";\ncodesign -f -s \"iPhone Developer\" --entitlements \"${BUILT_PRODUCTS_DIR}/${WRAPPER_NAME}/${PROJECT_NAME}.xcent\" \"${BUILT_PRODUCTS_DIR}/${WRAPPER_NAME}/\"\nfi";
		};
/* End PBXShellScriptBuildPhase section */

/* Begin PBXSourcesBuildPhase section */
		CBC0425F1A25FC8800597951 /* Sources */ = {
			isa = PBXSourcesBuildPhase;
			buildActionMask = 2147483647;
			files = (
				CB5C772B1A2E0C9C007ACD7E /* PreTakeMovieViewController.swift in Sources */,
				CB5C77281A2DA4E5007ACD7E /* MainTabViewController.swift in Sources */,
				CB5C77241A2D68A5007ACD7E /* TakeMovieViewController.swift in Sources */,
				CBB38B601A2F10B600610CB1 /* TakeMovieView.swift in Sources */,
				CBC0426D1A25FC8800597951 /* AccountViewController.swift in Sources */,
				CBD847521A354A31002A261A /* GenerateMovieFromImage.swift in Sources */,
				CBD847551A359162002A261A /* GenerateMovieFromImage.m in Sources */,
				CBC042691A25FC8800597951 /* AppDelegate.swift in Sources */,
				CB1650821A31652700AB25DD /* EditMovieViewController.swift in Sources */,
				CBC0426B1A25FC8800597951 /* HomeViewController.swift in Sources */,
				CB1650801A3164E200AB25DD /* MoviePreviewView.swift in Sources */,
			);
			runOnlyForDeploymentPostprocessing = 0;
		};
		CBC042761A25FC8800597951 /* Sources */ = {
			isa = PBXSourcesBuildPhase;
			buildActionMask = 2147483647;
			files = (
				CBC042811A25FC8800597951 /* TryDemoTests.swift in Sources */,
			);
			runOnlyForDeploymentPostprocessing = 0;
		};
/* End PBXSourcesBuildPhase section */

/* Begin PBXTargetDependency section */
		CBC0427C1A25FC8800597951 /* PBXTargetDependency */ = {
			isa = PBXTargetDependency;
			target = CBC042621A25FC8800597951 /* TryDemo */;
			targetProxy = CBC0427B1A25FC8800597951 /* PBXContainerItemProxy */;
		};
/* End PBXTargetDependency section */

/* Begin PBXVariantGroup section */
		CBC0426E1A25FC8800597951 /* Main.storyboard */ = {
			isa = PBXVariantGroup;
			children = (
				CBC0426F1A25FC8800597951 /* Base */,
			);
			name = Main.storyboard;
			sourceTree = "<group>";
		};
		CBC042731A25FC8800597951 /* LaunchScreen.xib */ = {
			isa = PBXVariantGroup;
			children = (
				CBC042741A25FC8800597951 /* Base */,
			);
			name = LaunchScreen.xib;
			sourceTree = "<group>";
		};
/* End PBXVariantGroup section */

/* Begin XCBuildConfiguration section */
		CBC042821A25FC8800597951 /* Debug */ = {
			isa = XCBuildConfiguration;
			buildSettings = {
				ALWAYS_SEARCH_USER_PATHS = NO;
				CLANG_CXX_LANGUAGE_STANDARD = "gnu++0x";
				CLANG_CXX_LIBRARY = "libc++";
				CLANG_ENABLE_MODULES = YES;
				CLANG_ENABLE_OBJC_ARC = YES;
				CLANG_WARN_BOOL_CONVERSION = YES;
				CLANG_WARN_CONSTANT_CONVERSION = YES;
				CLANG_WARN_DIRECT_OBJC_ISA_USAGE = YES_ERROR;
				CLANG_WARN_EMPTY_BODY = YES;
				CLANG_WARN_ENUM_CONVERSION = YES;
				CLANG_WARN_INT_CONVERSION = YES;
				CLANG_WARN_OBJC_ROOT_CLASS = YES_ERROR;
				CLANG_WARN_UNREACHABLE_CODE = YES;
				CLANG_WARN__DUPLICATE_METHOD_MATCH = YES;
				"CODE_SIGN_IDENTITY[sdk=iphoneos*]" = "";
				COPY_PHASE_STRIP = NO;
				ENABLE_STRICT_OBJC_MSGSEND = YES;
				GCC_C_LANGUAGE_STANDARD = gnu99;
				GCC_DYNAMIC_NO_PIC = NO;
				GCC_OPTIMIZATION_LEVEL = 0;
				GCC_PREPROCESSOR_DEFINITIONS = (
					"DEBUG=1",
					"$(inherited)",
				);
				GCC_SYMBOLS_PRIVATE_EXTERN = NO;
				GCC_WARN_64_TO_32_BIT_CONVERSION = YES;
				GCC_WARN_ABOUT_RETURN_TYPE = YES_ERROR;
				GCC_WARN_UNDECLARED_SELECTOR = YES;
				GCC_WARN_UNINITIALIZED_AUTOS = YES_AGGRESSIVE;
				GCC_WARN_UNUSED_FUNCTION = YES;
				GCC_WARN_UNUSED_VARIABLE = YES;
				IPHONEOS_DEPLOYMENT_TARGET = 7.1;
				MTL_ENABLE_DEBUG_INFO = YES;
				ONLY_ACTIVE_ARCH = YES;
				SDKROOT = iphoneos;
				SWIFT_OPTIMIZATION_LEVEL = "-Onone";
			};
			name = Debug;
		};
		CBC042831A25FC8800597951 /* Release */ = {
			isa = XCBuildConfiguration;
			buildSettings = {
				ALWAYS_SEARCH_USER_PATHS = NO;
				CLANG_CXX_LANGUAGE_STANDARD = "gnu++0x";
				CLANG_CXX_LIBRARY = "libc++";
				CLANG_ENABLE_MODULES = YES;
				CLANG_ENABLE_OBJC_ARC = YES;
				CLANG_WARN_BOOL_CONVERSION = YES;
				CLANG_WARN_CONSTANT_CONVERSION = YES;
				CLANG_WARN_DIRECT_OBJC_ISA_USAGE = YES_ERROR;
				CLANG_WARN_EMPTY_BODY = YES;
				CLANG_WARN_ENUM_CONVERSION = YES;
				CLANG_WARN_INT_CONVERSION = YES;
				CLANG_WARN_OBJC_ROOT_CLASS = YES_ERROR;
				CLANG_WARN_UNREACHABLE_CODE = YES;
				CLANG_WARN__DUPLICATE_METHOD_MATCH = YES;
				"CODE_SIGN_IDENTITY[sdk=iphoneos*]" = "";
				COPY_PHASE_STRIP = YES;
				ENABLE_NS_ASSERTIONS = NO;
				ENABLE_STRICT_OBJC_MSGSEND = YES;
				GCC_C_LANGUAGE_STANDARD = gnu99;
				GCC_WARN_64_TO_32_BIT_CONVERSION = YES;
				GCC_WARN_ABOUT_RETURN_TYPE = YES_ERROR;
				GCC_WARN_UNDECLARED_SELECTOR = YES;
				GCC_WARN_UNINITIALIZED_AUTOS = YES_AGGRESSIVE;
				GCC_WARN_UNUSED_FUNCTION = YES;
				GCC_WARN_UNUSED_VARIABLE = YES;
				IPHONEOS_DEPLOYMENT_TARGET = 7.1;
				MTL_ENABLE_DEBUG_INFO = NO;
				SDKROOT = iphoneos;
				VALIDATE_PRODUCT = YES;
			};
			name = Release;
		};
		CBC042851A25FC8800597951 /* Debug */ = {
			isa = XCBuildConfiguration;
			buildSettings = {
				ASSETCATALOG_COMPILER_APPICON_NAME = AppIcon;
				CLANG_ENABLE_MODULES = YES;
				INFOPLIST_FILE = TryDemo/Info.plist;
				LD_RUNPATH_SEARCH_PATHS = "$(inherited) @executable_path/Frameworks";
				PRODUCT_NAME = "$(TARGET_NAME)";
				SWIFT_OBJC_BRIDGING_HEADER = "TryDemo/TryDemo-Bridging-Header.h";
				SWIFT_OPTIMIZATION_LEVEL = "-Onone";
				TARGETED_DEVICE_FAMILY = 1;
			};
			name = Debug;
		};
		CBC042861A25FC8800597951 /* Release */ = {
			isa = XCBuildConfiguration;
			buildSettings = {
				ASSETCATALOG_COMPILER_APPICON_NAME = AppIcon;
				CLANG_ENABLE_MODULES = YES;
				INFOPLIST_FILE = TryDemo/Info.plist;
				LD_RUNPATH_SEARCH_PATHS = "$(inherited) @executable_path/Frameworks";
				PRODUCT_NAME = "$(TARGET_NAME)";
				SWIFT_OBJC_BRIDGING_HEADER = "TryDemo/TryDemo-Bridging-Header.h";
				TARGETED_DEVICE_FAMILY = 1;
			};
			name = Release;
		};
		CBC042881A25FC8800597951 /* Debug */ = {
			isa = XCBuildConfiguration;
			buildSettings = {
				BUNDLE_LOADER = "$(TEST_HOST)";
				FRAMEWORK_SEARCH_PATHS = (
					"$(SDKROOT)/Developer/Library/Frameworks",
					"$(inherited)",
				);
				GCC_PREPROCESSOR_DEFINITIONS = (
					"DEBUG=1",
					"$(inherited)",
				);
				INFOPLIST_FILE = TryDemoTests/Info.plist;
				LD_RUNPATH_SEARCH_PATHS = "$(inherited) @executable_path/Frameworks @loader_path/Frameworks";
				PRODUCT_NAME = "$(TARGET_NAME)";
				TEST_HOST = "$(BUILT_PRODUCTS_DIR)/TryDemo.app/TryDemo";
			};
			name = Debug;
		};
		CBC042891A25FC8800597951 /* Release */ = {
			isa = XCBuildConfiguration;
			buildSettings = {
				BUNDLE_LOADER = "$(TEST_HOST)";
				FRAMEWORK_SEARCH_PATHS = (
					"$(SDKROOT)/Developer/Library/Frameworks",
					"$(inherited)",
				);
				INFOPLIST_FILE = TryDemoTests/Info.plist;
				LD_RUNPATH_SEARCH_PATHS = "$(inherited) @executable_path/Frameworks @loader_path/Frameworks";
				PRODUCT_NAME = "$(TARGET_NAME)";
				TEST_HOST = "$(BUILT_PRODUCTS_DIR)/TryDemo.app/TryDemo";
			};
			name = Release;
		};
/* End XCBuildConfiguration section */

/* Begin XCConfigurationList section */
		CBC0425E1A25FC8800597951 /* Build configuration list for PBXProject "TryDemo" */ = {
			isa = XCConfigurationList;
			buildConfigurations = (
				CBC042821A25FC8800597951 /* Debug */,
				CBC042831A25FC8800597951 /* Release */,
			);
			defaultConfigurationIsVisible = 0;
			defaultConfigurationName = Release;
		};
		CBC042841A25FC8800597951 /* Build configuration list for PBXNativeTarget "TryDemo" */ = {
			isa = XCConfigurationList;
			buildConfigurations = (
				CBC042851A25FC8800597951 /* Debug */,
				CBC042861A25FC8800597951 /* Release */,
			);
			defaultConfigurationIsVisible = 0;
			defaultConfigurationName = Release;
		};
		CBC042871A25FC8800597951 /* Build configuration list for PBXNativeTarget "TryDemoTests" */ = {
			isa = XCConfigurationList;
			buildConfigurations = (
				CBC042881A25FC8800597951 /* Debug */,
				CBC042891A25FC8800597951 /* Release */,
			);
			defaultConfigurationIsVisible = 0;
			defaultConfigurationName = Release;
		};
/* End XCConfigurationList section */
	};
	rootObject = CBC0425B1A25FC8800597951 /* Project object */;
}
