// !$*UTF8*$!
{
	archiveVersion = 1;
	classes = {
	};
	objectVersion = 46;
	objects = {

/* Begin PBXBuildFile section */
		CB1650801A3164E200AB25DD /* MoviePreviewView.swift in Sources */ = {isa = PBXBuildFile; fileRef = CB16507F1A3164E200AB25DD /* MoviePreviewView.swift */; };
		CB1650821A31652700AB25DD /* EditMovieViewController.swift in Sources */ = {isa = PBXBuildFile; fileRef = CB1650811A31652700AB25DD /* EditMovieViewController.swift */; };
		CB1CF79F1A8482A500CCF560 /* BorderTextView.swift in Sources */ = {isa = PBXBuildFile; fileRef = CB1CF79E1A8482A500CCF560 /* BorderTextView.swift */; };
		CB1CF7DF1A84EE3D00CCF560 /* SystemConfiguration.framework in Frameworks */ = {isa = PBXBuildFile; fileRef = CB1CF7DE1A84EE3D00CCF560 /* SystemConfiguration.framework */; };
		CB1CF7E11A84EE4B00CCF560 /* QuartzCore.framework in Frameworks */ = {isa = PBXBuildFile; fileRef = CB1CF7E01A84EE4B00CCF560 /* QuartzCore.framework */; };
		CB1CF7E31A84EE5600CCF560 /* CoreTelephony.framework in Frameworks */ = {isa = PBXBuildFile; fileRef = CB1CF7E21A84EE5600CCF560 /* CoreTelephony.framework */; };
		CB1CF7E51A84EE6200CCF560 /* libicucore.dylib in Frameworks */ = {isa = PBXBuildFile; fileRef = CB1CF7E41A84EE6200CCF560 /* libicucore.dylib */; };
		CB1CF7E91A84EE7A00CCF560 /* libz.1.2.5.dylib in Frameworks */ = {isa = PBXBuildFile; fileRef = CB1CF7E81A84EE7A00CCF560 /* libz.1.2.5.dylib */; };
		CB1CF7EB1A84EE8300CCF560 /* Security.framework in Frameworks */ = {isa = PBXBuildFile; fileRef = CB1CF7EA1A84EE8300CCF560 /* Security.framework */; };
		CB2645911AA9CD040062073A /* Social.framework in Frameworks */ = {isa = PBXBuildFile; fileRef = CB2645901AA9CD040062073A /* Social.framework */; };
		CB2645931AA9CD120062073A /* Accounts.framework in Frameworks */ = {isa = PBXBuildFile; fileRef = CB2645921AA9CD120062073A /* Accounts.framework */; };
		CB2645951AA9D66E0062073A /* Bolts.framework in Frameworks */ = {isa = PBXBuildFile; fileRef = CB2645941AA9D66E0062073A /* Bolts.framework */; };
		CB5C77241A2D68A5007ACD7E /* TakeMovieViewController.swift in Sources */ = {isa = PBXBuildFile; fileRef = CB5C77231A2D68A5007ACD7E /* TakeMovieViewController.swift */; };
		CB5C77281A2DA4E5007ACD7E /* MainTabViewController.swift in Sources */ = {isa = PBXBuildFile; fileRef = CB5C77271A2DA4E5007ACD7E /* MainTabViewController.swift */; };
		CB5C772B1A2E0C9C007ACD7E /* PreTakeMovieViewController.swift in Sources */ = {isa = PBXBuildFile; fileRef = CB5C772A1A2E0C9C007ACD7E /* PreTakeMovieViewController.swift */; };
		CB63A5C31A3EEB9B0091B62B /* img1.JPG in Resources */ = {isa = PBXBuildFile; fileRef = CB63A5C21A3EEB9B0091B62B /* img1.JPG */; };
		CB63A5C71A3EF0460091B62B /* img3.JPG in Resources */ = {isa = PBXBuildFile; fileRef = CB63A5C61A3EF0460091B62B /* img3.JPG */; };
		CB687BB01A810A8D00D1DFA4 /* StillMovieEffect.swift in Sources */ = {isa = PBXBuildFile; fileRef = CB687BAF1A810A8D00D1DFA4 /* StillMovieEffect.swift */; };
		CB687BB21A810BA600D1DFA4 /* EffectsProtocol.swift in Sources */ = {isa = PBXBuildFile; fileRef = CB687BB11A810BA600D1DFA4 /* EffectsProtocol.swift */; };
		CB78ED1B1A64262700CBAD45 /* main.mov in Resources */ = {isa = PBXBuildFile; fileRef = CB78ED191A64262700CBAD45 /* main.mov */; };
		CB78ED1C1A64262700CBAD45 /* prefix.mov in Resources */ = {isa = PBXBuildFile; fileRef = CB78ED1A1A64262700CBAD45 /* prefix.mov */; };
		CB95D6C31A820308000F3BD5 /* ShareMovieViewController.swift in Sources */ = {isa = PBXBuildFile; fileRef = CB95D6C21A820308000F3BD5 /* ShareMovieViewController.swift */; };
		CBB38B601A2F10B600610CB1 /* TakeMovieView.swift in Sources */ = {isa = PBXBuildFile; fileRef = CBB38B5F1A2F10B600610CB1 /* TakeMovieView.swift */; };
		CBC042691A25FC8800597951 /* AppDelegate.swift in Sources */ = {isa = PBXBuildFile; fileRef = CBC042681A25FC8800597951 /* AppDelegate.swift */; };
		CBC0426B1A25FC8800597951 /* HomeViewController.swift in Sources */ = {isa = PBXBuildFile; fileRef = CBC0426A1A25FC8800597951 /* HomeViewController.swift */; };
		CBC0426D1A25FC8800597951 /* AccountViewController.swift in Sources */ = {isa = PBXBuildFile; fileRef = CBC0426C1A25FC8800597951 /* AccountViewController.swift */; };
		CBC042701A25FC8800597951 /* Main.storyboard in Resources */ = {isa = PBXBuildFile; fileRef = CBC0426E1A25FC8800597951 /* Main.storyboard */; };
		CBC042721A25FC8800597951 /* Images.xcassets in Resources */ = {isa = PBXBuildFile; fileRef = CBC042711A25FC8800597951 /* Images.xcassets */; };
		CBC042751A25FC8800597951 /* LaunchScreen.xib in Resources */ = {isa = PBXBuildFile; fileRef = CBC042731A25FC8800597951 /* LaunchScreen.xib */; };
		CBC042811A25FC8800597951 /* TryDemoTests.swift in Sources */ = {isa = PBXBuildFile; fileRef = CBC042801A25FC8800597951 /* TryDemoTests.swift */; };
		CBC49ABC1AA9C5CB00701E86 /* Parse.framework in Frameworks */ = {isa = PBXBuildFile; fileRef = CBC49ABB1AA9C5CB00701E86 /* Parse.framework */; };
		CBC49ABE1AA9C66200701E86 /* StoreKit.framework in Frameworks */ = {isa = PBXBuildFile; fileRef = CBC49ABD1AA9C66200701E86 /* StoreKit.framework */; };
		CBC49AC01AA9C68100701E86 /* MobileCoreServices.framework in Frameworks */ = {isa = PBXBuildFile; fileRef = CBC49ABF1AA9C68100701E86 /* MobileCoreServices.framework */; };
		CBC49AC21AA9C7D900701E86 /* AudioToolbox.framework in Frameworks */ = {isa = PBXBuildFile; fileRef = CBC49AC11AA9C7D900701E86 /* AudioToolbox.framework */; };
		CBC49AC41AA9C7E100701E86 /* CFNetwork.framework in Frameworks */ = {isa = PBXBuildFile; fileRef = CBC49AC31AA9C7E100701E86 /* CFNetwork.framework */; };
		CBC49AC61AA9C7EA00701E86 /* CoreGraphics.framework in Frameworks */ = {isa = PBXBuildFile; fileRef = CBC49AC51AA9C7EA00701E86 /* CoreGraphics.framework */; };
		CBC49AC81AA9C7F400701E86 /* CoreLocation.framework in Frameworks */ = {isa = PBXBuildFile; fileRef = CBC49AC71AA9C7F400701E86 /* CoreLocation.framework */; };
		CBC49ACC1AA9C83600701E86 /* libsqlite3.dylib in Frameworks */ = {isa = PBXBuildFile; fileRef = CBC49ACB1AA9C83600701E86 /* libsqlite3.dylib */; };
		CBC9C9531A889FB400FAAE6D /* ImageIO.framework in Frameworks */ = {isa = PBXBuildFile; fileRef = CBC9C9521A889FB400FAAE6D /* ImageIO.framework */; };
		CBC9CA0B1A88A4B900FAAE6D /* FacebookConnection.framework in Frameworks */ = {isa = PBXBuildFile; fileRef = CBC9C9EF1A88A4B900FAAE6D /* FacebookConnection.framework */; };
		CBC9CA0C1A88A4B900FAAE6D /* SinaWeiboConnection.framework in Frameworks */ = {isa = PBXBuildFile; fileRef = CBC9C9F01A88A4B900FAAE6D /* SinaWeiboConnection.framework */; };
		CBC9CA0D1A88A4B900FAAE6D /* WeChatConnection.framework in Frameworks */ = {isa = PBXBuildFile; fileRef = CBC9C9F11A88A4B900FAAE6D /* WeChatConnection.framework */; };
		CBC9CA0E1A88A4B900FAAE6D /* AGCommon.framework in Frameworks */ = {isa = PBXBuildFile; fileRef = CBC9C9F31A88A4B900FAAE6D /* AGCommon.framework */; };
		CBC9CA0F1A88A4B900FAAE6D /* Resource.bundle in Resources */ = {isa = PBXBuildFile; fileRef = CBC9C9F41A88A4B900FAAE6D /* Resource.bundle */; };
		CBC9CA101A88A4B900FAAE6D /* ShareSDKCoreService.framework in Frameworks */ = {isa = PBXBuildFile; fileRef = CBC9C9F51A88A4B900FAAE6D /* ShareSDKCoreService.framework */; };
		CBC9CA111A88A4B900FAAE6D /* ShareSDKLocalizable.strings in Resources */ = {isa = PBXBuildFile; fileRef = CBC9C9F61A88A4B900FAAE6D /* ShareSDKLocalizable.strings */; };
		CBC9CA121A88A4B900FAAE6D /* WeiboSDK.bundle in Resources */ = {isa = PBXBuildFile; fileRef = CBC9C9FB1A88A4B900FAAE6D /* WeiboSDK.bundle */; };
		CBC9CA131A88A4B900FAAE6D /* libWeiboSDK.a in Frameworks */ = {isa = PBXBuildFile; fileRef = CBC9C9FD1A88A4B900FAAE6D /* libWeiboSDK.a */; };
		CBC9CA141A88A4B900FAAE6D /* libWeChatSDK.a in Frameworks */ = {isa = PBXBuildFile; fileRef = CBC9CA011A88A4B900FAAE6D /* libWeChatSDK.a */; };
		CBC9CA151A88A4B900FAAE6D /* ShareSDK.framework in Frameworks */ = {isa = PBXBuildFile; fileRef = CBC9CA021A88A4B900FAAE6D /* ShareSDK.framework */; };
		CBC9CA161A88A4B900FAAE6D /* ShareSDKFlatShareViewUI.bundle in Resources */ = {isa = PBXBuildFile; fileRef = CBC9CA041A88A4B900FAAE6D /* ShareSDKFlatShareViewUI.bundle */; };
		CBC9CA171A88A4B900FAAE6D /* ShareSDKFlatShareViewUI.framework in Frameworks */ = {isa = PBXBuildFile; fileRef = CBC9CA051A88A4B900FAAE6D /* ShareSDKFlatShareViewUI.framework */; };
		CBC9CA181A88A4B900FAAE6D /* ShareSDKShareActionSheet.framework in Frameworks */ = {isa = PBXBuildFile; fileRef = CBC9CA061A88A4B900FAAE6D /* ShareSDKShareActionSheet.framework */; };
		CBC9CA191A88A4B900FAAE6D /* ShareSDKiPhoneDefaultShareViewUI.bundle in Resources */ = {isa = PBXBuildFile; fileRef = CBC9CA071A88A4B900FAAE6D /* ShareSDKiPhoneDefaultShareViewUI.bundle */; };
		CBC9CA1A1A88A4B900FAAE6D /* ShareSDKiPhoneDefaultShareViewUI.framework in Frameworks */ = {isa = PBXBuildFile; fileRef = CBC9CA081A88A4B900FAAE6D /* ShareSDKiPhoneDefaultShareViewUI.framework */; };
		CBC9CA1B1A88A4B900FAAE6D /* ShareSDKiPhoneSimpleShareViewUI.bundle in Resources */ = {isa = PBXBuildFile; fileRef = CBC9CA091A88A4B900FAAE6D /* ShareSDKiPhoneSimpleShareViewUI.bundle */; };
		CBC9CA1C1A88A4B900FAAE6D /* ShareSDKiPhoneSimpleShareViewUI.framework in Frameworks */ = {isa = PBXBuildFile; fileRef = CBC9CA0A1A88A4B900FAAE6D /* ShareSDKiPhoneSimpleShareViewUI.framework */; };
		CBD07A401AAAFCD600963F4A /* LoginViewController.swift in Sources */ = {isa = PBXBuildFile; fileRef = CBD07A3F1AAAFCD600963F4A /* LoginViewController.swift */; };
		CBD847521A354A31002A261A /* GenerateMovieFromImage.swift in Sources */ = {isa = PBXBuildFile; fileRef = CBD847511A354A31002A261A /* GenerateMovieFromImage.swift */; };
		CBD847551A359162002A261A /* GenerateMovieFromImage.m in Sources */ = {isa = PBXBuildFile; fileRef = CBD847541A359162002A261A /* GenerateMovieFromImage.m */; };
/* End PBXBuildFile section */

/* Begin PBXContainerItemProxy section */
		CBC0427B1A25FC8800597951 /* PBXContainerItemProxy */ = {
			isa = PBXContainerItemProxy;
			containerPortal = CBC0425B1A25FC8800597951 /* Project object */;
			proxyType = 1;
			remoteGlobalIDString = CBC042621A25FC8800597951;
			remoteInfo = TryDemo;
		};
/* End PBXContainerItemProxy section */

/* Begin PBXFileReference section */
		CB16507F1A3164E200AB25DD /* MoviePreviewView.swift */ = {isa = PBXFileReference; fileEncoding = 4; lastKnownFileType = sourcecode.swift; path = MoviePreviewView.swift; sourceTree = "<group>"; };
		CB1650811A31652700AB25DD /* EditMovieViewController.swift */ = {isa = PBXFileReference; fileEncoding = 4; lastKnownFileType = sourcecode.swift; path = EditMovieViewController.swift; sourceTree = "<group>"; };
		CB1CF79E1A8482A500CCF560 /* BorderTextView.swift */ = {isa = PBXFileReference; fileEncoding = 4; lastKnownFileType = sourcecode.swift; path = BorderTextView.swift; sourceTree = "<group>"; };
		CB1CF7DE1A84EE3D00CCF560 /* SystemConfiguration.framework */ = {isa = PBXFileReference; lastKnownFileType = wrapper.framework; name = SystemConfiguration.framework; path = System/Library/Frameworks/SystemConfiguration.framework; sourceTree = SDKROOT; };
		CB1CF7E01A84EE4B00CCF560 /* QuartzCore.framework */ = {isa = PBXFileReference; lastKnownFileType = wrapper.framework; name = QuartzCore.framework; path = System/Library/Frameworks/QuartzCore.framework; sourceTree = SDKROOT; };
		CB1CF7E21A84EE5600CCF560 /* CoreTelephony.framework */ = {isa = PBXFileReference; lastKnownFileType = wrapper.framework; name = CoreTelephony.framework; path = System/Library/Frameworks/CoreTelephony.framework; sourceTree = SDKROOT; };
		CB1CF7E41A84EE6200CCF560 /* libicucore.dylib */ = {isa = PBXFileReference; lastKnownFileType = "compiled.mach-o.dylib"; name = libicucore.dylib; path = usr/lib/libicucore.dylib; sourceTree = SDKROOT; };
		CB1CF7E81A84EE7A00CCF560 /* libz.1.2.5.dylib */ = {isa = PBXFileReference; lastKnownFileType = "compiled.mach-o.dylib"; name = libz.1.2.5.dylib; path = usr/lib/libz.1.2.5.dylib; sourceTree = SDKROOT; };
		CB1CF7EA1A84EE8300CCF560 /* Security.framework */ = {isa = PBXFileReference; lastKnownFileType = wrapper.framework; name = Security.framework; path = System/Library/Frameworks/Security.framework; sourceTree = SDKROOT; };
		CB2645901AA9CD040062073A /* Social.framework */ = {isa = PBXFileReference; lastKnownFileType = wrapper.framework; name = Social.framework; path = System/Library/Frameworks/Social.framework; sourceTree = SDKROOT; };
		CB2645921AA9CD120062073A /* Accounts.framework */ = {isa = PBXFileReference; lastKnownFileType = wrapper.framework; name = Accounts.framework; path = System/Library/Frameworks/Accounts.framework; sourceTree = SDKROOT; };
		CB2645941AA9D66E0062073A /* Bolts.framework */ = {isa = PBXFileReference; lastKnownFileType = wrapper.framework; path = Bolts.framework; sourceTree = "<group>"; };
		CB5C77231A2D68A5007ACD7E /* TakeMovieViewController.swift */ = {isa = PBXFileReference; fileEncoding = 4; lastKnownFileType = sourcecode.swift; path = TakeMovieViewController.swift; sourceTree = "<group>"; };
		CB5C77271A2DA4E5007ACD7E /* MainTabViewController.swift */ = {isa = PBXFileReference; fileEncoding = 4; lastKnownFileType = sourcecode.swift; path = MainTabViewController.swift; sourceTree = "<group>"; };
		CB5C772A1A2E0C9C007ACD7E /* PreTakeMovieViewController.swift */ = {isa = PBXFileReference; fileEncoding = 4; lastKnownFileType = sourcecode.swift; path = PreTakeMovieViewController.swift; sourceTree = "<group>"; };
		CB63A5C21A3EEB9B0091B62B /* img1.JPG */ = {isa = PBXFileReference; lastKnownFileType = image.jpeg; path = img1.JPG; sourceTree = "<group>"; };
		CB63A5C61A3EF0460091B62B /* img3.JPG */ = {isa = PBXFileReference; lastKnownFileType = image.jpeg; path = img3.JPG; sourceTree = "<group>"; };
		CB687BAF1A810A8D00D1DFA4 /* StillMovieEffect.swift */ = {isa = PBXFileReference; fileEncoding = 4; lastKnownFileType = sourcecode.swift; path = StillMovieEffect.swift; sourceTree = "<group>"; };
		CB687BB11A810BA600D1DFA4 /* EffectsProtocol.swift */ = {isa = PBXFileReference; fileEncoding = 4; lastKnownFileType = sourcecode.swift; path = EffectsProtocol.swift; sourceTree = "<group>"; };
		CB78ED191A64262700CBAD45 /* main.mov */ = {isa = PBXFileReference; lastKnownFileType = video.quicktime; path = main.mov; sourceTree = "<group>"; };
		CB78ED1A1A64262700CBAD45 /* prefix.mov */ = {isa = PBXFileReference; lastKnownFileType = video.quicktime; path = prefix.mov; sourceTree = "<group>"; };
		CB95D6C21A820308000F3BD5 /* ShareMovieViewController.swift */ = {isa = PBXFileReference; fileEncoding = 4; lastKnownFileType = sourcecode.swift; path = ShareMovieViewController.swift; sourceTree = "<group>"; };
		CBB38B5F1A2F10B600610CB1 /* TakeMovieView.swift */ = {isa = PBXFileReference; fileEncoding = 4; lastKnownFileType = sourcecode.swift; path = TakeMovieView.swift; sourceTree = "<group>"; };
		CBC042631A25FC8800597951 /* MagicCam.app */ = {isa = PBXFileReference; explicitFileType = wrapper.application; includeInIndex = 0; path = MagicCam.app; sourceTree = BUILT_PRODUCTS_DIR; };
		CBC042671A25FC8800597951 /* Info.plist */ = {isa = PBXFileReference; lastKnownFileType = text.plist.xml; path = Info.plist; sourceTree = "<group>"; };
		CBC042681A25FC8800597951 /* AppDelegate.swift */ = {isa = PBXFileReference; lastKnownFileType = sourcecode.swift; path = AppDelegate.swift; sourceTree = "<group>"; };
		CBC0426A1A25FC8800597951 /* HomeViewController.swift */ = {isa = PBXFileReference; lastKnownFileType = sourcecode.swift; path = HomeViewController.swift; sourceTree = "<group>"; };
		CBC0426C1A25FC8800597951 /* AccountViewController.swift */ = {isa = PBXFileReference; lastKnownFileType = sourcecode.swift; path = AccountViewController.swift; sourceTree = "<group>"; };
		CBC0426F1A25FC8800597951 /* Base */ = {isa = PBXFileReference; lastKnownFileType = file.storyboard; name = Base; path = Base.lproj/Main.storyboard; sourceTree = "<group>"; };
		CBC042711A25FC8800597951 /* Images.xcassets */ = {isa = PBXFileReference; lastKnownFileType = folder.assetcatalog; path = Images.xcassets; sourceTree = "<group>"; };
		CBC042741A25FC8800597951 /* Base */ = {isa = PBXFileReference; lastKnownFileType = file.xib; name = Base; path = Base.lproj/LaunchScreen.xib; sourceTree = "<group>"; };
		CBC0427A1A25FC8800597951 /* ICamMovTests.xctest */ = {isa = PBXFileReference; explicitFileType = wrapper.cfbundle; includeInIndex = 0; path = ICamMovTests.xctest; sourceTree = BUILT_PRODUCTS_DIR; };
		CBC0427F1A25FC8800597951 /* Info.plist */ = {isa = PBXFileReference; lastKnownFileType = text.plist.xml; path = Info.plist; sourceTree = "<group>"; };
		CBC042801A25FC8800597951 /* TryDemoTests.swift */ = {isa = PBXFileReference; lastKnownFileType = sourcecode.swift; path = TryDemoTests.swift; sourceTree = "<group>"; };
		CBC49ABB1AA9C5CB00701E86 /* Parse.framework */ = {isa = PBXFileReference; lastKnownFileType = wrapper.framework; path = Parse.framework; sourceTree = "<group>"; };
		CBC49ABD1AA9C66200701E86 /* StoreKit.framework */ = {isa = PBXFileReference; lastKnownFileType = wrapper.framework; name = StoreKit.framework; path = System/Library/Frameworks/StoreKit.framework; sourceTree = SDKROOT; };
		CBC49ABF1AA9C68100701E86 /* MobileCoreServices.framework */ = {isa = PBXFileReference; lastKnownFileType = wrapper.framework; name = MobileCoreServices.framework; path = System/Library/Frameworks/MobileCoreServices.framework; sourceTree = SDKROOT; };
		CBC49AC11AA9C7D900701E86 /* AudioToolbox.framework */ = {isa = PBXFileReference; lastKnownFileType = wrapper.framework; name = AudioToolbox.framework; path = System/Library/Frameworks/AudioToolbox.framework; sourceTree = SDKROOT; };
		CBC49AC31AA9C7E100701E86 /* CFNetwork.framework */ = {isa = PBXFileReference; lastKnownFileType = wrapper.framework; name = CFNetwork.framework; path = System/Library/Frameworks/CFNetwork.framework; sourceTree = SDKROOT; };
		CBC49AC51AA9C7EA00701E86 /* CoreGraphics.framework */ = {isa = PBXFileReference; lastKnownFileType = wrapper.framework; name = CoreGraphics.framework; path = System/Library/Frameworks/CoreGraphics.framework; sourceTree = SDKROOT; };
		CBC49AC71AA9C7F400701E86 /* CoreLocation.framework */ = {isa = PBXFileReference; lastKnownFileType = wrapper.framework; name = CoreLocation.framework; path = System/Library/Frameworks/CoreLocation.framework; sourceTree = SDKROOT; };
		CBC49ACB1AA9C83600701E86 /* libsqlite3.dylib */ = {isa = PBXFileReference; lastKnownFileType = "compiled.mach-o.dylib"; name = libsqlite3.dylib; path = usr/lib/libsqlite3.dylib; sourceTree = SDKROOT; };
		CBC9C9521A889FB400FAAE6D /* ImageIO.framework */ = {isa = PBXFileReference; lastKnownFileType = wrapper.framework; name = ImageIO.framework; path = System/Library/Frameworks/ImageIO.framework; sourceTree = SDKROOT; };
		CBC9C9EF1A88A4B900FAAE6D /* FacebookConnection.framework */ = {isa = PBXFileReference; lastKnownFileType = wrapper.framework; path = FacebookConnection.framework; sourceTree = "<group>"; };
		CBC9C9F01A88A4B900FAAE6D /* SinaWeiboConnection.framework */ = {isa = PBXFileReference; lastKnownFileType = wrapper.framework; path = SinaWeiboConnection.framework; sourceTree = "<group>"; };
		CBC9C9F11A88A4B900FAAE6D /* WeChatConnection.framework */ = {isa = PBXFileReference; lastKnownFileType = wrapper.framework; path = WeChatConnection.framework; sourceTree = "<group>"; };
		CBC9C9F31A88A4B900FAAE6D /* AGCommon.framework */ = {isa = PBXFileReference; lastKnownFileType = wrapper.framework; path = AGCommon.framework; sourceTree = "<group>"; };
		CBC9C9F41A88A4B900FAAE6D /* Resource.bundle */ = {isa = PBXFileReference; lastKnownFileType = "wrapper.plug-in"; path = Resource.bundle; sourceTree = "<group>"; };
		CBC9C9F51A88A4B900FAAE6D /* ShareSDKCoreService.framework */ = {isa = PBXFileReference; lastKnownFileType = wrapper.framework; path = ShareSDKCoreService.framework; sourceTree = "<group>"; };
		CBC9C9F71A88A4B900FAAE6D /* en */ = {isa = PBXFileReference; lastKnownFileType = text.plist.strings; name = en; path = en.lproj/ShareSDKLocalizable.strings; sourceTree = "<group>"; };
		CBC9C9F81A88A4B900FAAE6D /* zh-Hans */ = {isa = PBXFileReference; lastKnownFileType = text.plist.strings; name = "zh-Hans"; path = "zh-Hans.lproj/ShareSDKLocalizable.strings"; sourceTree = "<group>"; };
		CBC9C9FB1A88A4B900FAAE6D /* WeiboSDK.bundle */ = {isa = PBXFileReference; lastKnownFileType = "wrapper.plug-in"; path = WeiboSDK.bundle; sourceTree = "<group>"; };
		CBC9C9FC1A88A4B900FAAE6D /* WeiboSDK.h */ = {isa = PBXFileReference; fileEncoding = 4; lastKnownFileType = sourcecode.c.h; path = WeiboSDK.h; sourceTree = "<group>"; };
		CBC9C9FD1A88A4B900FAAE6D /* libWeiboSDK.a */ = {isa = PBXFileReference; lastKnownFileType = archive.ar; path = libWeiboSDK.a; sourceTree = "<group>"; };
		CBC9C9FF1A88A4B900FAAE6D /* WXApi.h */ = {isa = PBXFileReference; fileEncoding = 4; lastKnownFileType = sourcecode.c.h; path = WXApi.h; sourceTree = "<group>"; };
		CBC9CA001A88A4B900FAAE6D /* WXApiObject.h */ = {isa = PBXFileReference; fileEncoding = 4; lastKnownFileType = sourcecode.c.h; path = WXApiObject.h; sourceTree = "<group>"; };
		CBC9CA011A88A4B900FAAE6D /* libWeChatSDK.a */ = {isa = PBXFileReference; lastKnownFileType = archive.ar; path = libWeChatSDK.a; sourceTree = "<group>"; };
		CBC9CA021A88A4B900FAAE6D /* ShareSDK.framework */ = {isa = PBXFileReference; lastKnownFileType = wrapper.framework; path = ShareSDK.framework; sourceTree = "<group>"; };
		CBC9CA041A88A4B900FAAE6D /* ShareSDKFlatShareViewUI.bundle */ = {isa = PBXFileReference; lastKnownFileType = "wrapper.plug-in"; path = ShareSDKFlatShareViewUI.bundle; sourceTree = "<group>"; };
		CBC9CA051A88A4B900FAAE6D /* ShareSDKFlatShareViewUI.framework */ = {isa = PBXFileReference; lastKnownFileType = wrapper.framework; path = ShareSDKFlatShareViewUI.framework; sourceTree = "<group>"; };
		CBC9CA061A88A4B900FAAE6D /* ShareSDKShareActionSheet.framework */ = {isa = PBXFileReference; lastKnownFileType = wrapper.framework; path = ShareSDKShareActionSheet.framework; sourceTree = "<group>"; };
		CBC9CA071A88A4B900FAAE6D /* ShareSDKiPhoneDefaultShareViewUI.bundle */ = {isa = PBXFileReference; lastKnownFileType = "wrapper.plug-in"; path = ShareSDKiPhoneDefaultShareViewUI.bundle; sourceTree = "<group>"; };
		CBC9CA081A88A4B900FAAE6D /* ShareSDKiPhoneDefaultShareViewUI.framework */ = {isa = PBXFileReference; lastKnownFileType = wrapper.framework; path = ShareSDKiPhoneDefaultShareViewUI.framework; sourceTree = "<group>"; };
		CBC9CA091A88A4B900FAAE6D /* ShareSDKiPhoneSimpleShareViewUI.bundle */ = {isa = PBXFileReference; lastKnownFileType = "wrapper.plug-in"; path = ShareSDKiPhoneSimpleShareViewUI.bundle; sourceTree = "<group>"; };
		CBC9CA0A1A88A4B900FAAE6D /* ShareSDKiPhoneSimpleShareViewUI.framework */ = {isa = PBXFileReference; lastKnownFileType = wrapper.framework; path = ShareSDKiPhoneSimpleShareViewUI.framework; sourceTree = "<group>"; };
		CBD07A3F1AAAFCD600963F4A /* LoginViewController.swift */ = {isa = PBXFileReference; fileEncoding = 4; lastKnownFileType = sourcecode.swift; path = LoginViewController.swift; sourceTree = "<group>"; };
		CBD847511A354A31002A261A /* GenerateMovieFromImage.swift */ = {isa = PBXFileReference; fileEncoding = 4; lastKnownFileType = sourcecode.swift; path = GenerateMovieFromImage.swift; sourceTree = "<group>"; };
		CBD847531A359162002A261A /* TryDemo-Bridging-Header.h */ = {isa = PBXFileReference; lastKnownFileType = sourcecode.c.h; path = "TryDemo-Bridging-Header.h"; sourceTree = "<group>"; };
		CBD847541A359162002A261A /* GenerateMovieFromImage.m */ = {isa = PBXFileReference; fileEncoding = 4; lastKnownFileType = sourcecode.c.objc; path = GenerateMovieFromImage.m; sourceTree = "<group>"; };
		CBD847561A35AE6F002A261A /* GenerateMovieFromImage.h */ = {isa = PBXFileReference; lastKnownFileType = sourcecode.c.h; path = GenerateMovieFromImage.h; sourceTree = "<group>"; };
/* End PBXFileReference section */

/* Begin PBXFrameworksBuildPhase section */
		CBC042601A25FC8800597951 /* Frameworks */ = {
			isa = PBXFrameworksBuildPhase;
			buildActionMask = 2147483647;
			files = (
				CB2645931AA9CD120062073A /* Accounts.framework in Frameworks */,
				CB2645911AA9CD040062073A /* Social.framework in Frameworks */,
				CBC49ACC1AA9C83600701E86 /* libsqlite3.dylib in Frameworks */,
				CB1CF7DF1A84EE3D00CCF560 /* SystemConfiguration.framework in Frameworks */,
				CBC49AC81AA9C7F400701E86 /* CoreLocation.framework in Frameworks */,
				CBC49AC61AA9C7EA00701E86 /* CoreGraphics.framework in Frameworks */,
				CBC49AC41AA9C7E100701E86 /* CFNetwork.framework in Frameworks */,
				CBC49AC21AA9C7D900701E86 /* AudioToolbox.framework in Frameworks */,
				CBC49AC01AA9C68100701E86 /* MobileCoreServices.framework in Frameworks */,
				CB1CF7EB1A84EE8300CCF560 /* Security.framework in Frameworks */,
				CBC49ABE1AA9C66200701E86 /* StoreKit.framework in Frameworks */,
				CBC9CA141A88A4B900FAAE6D /* libWeChatSDK.a in Frameworks */,
				CBC9CA0D1A88A4B900FAAE6D /* WeChatConnection.framework in Frameworks */,
				CBC9C9531A889FB400FAAE6D /* ImageIO.framework in Frameworks */,
				CBC9CA0B1A88A4B900FAAE6D /* FacebookConnection.framework in Frameworks */,
				CB2645951AA9D66E0062073A /* Bolts.framework in Frameworks */,
				CBC9CA101A88A4B900FAAE6D /* ShareSDKCoreService.framework in Frameworks */,
				CB1CF7E91A84EE7A00CCF560 /* libz.1.2.5.dylib in Frameworks */,
				CBC9CA0C1A88A4B900FAAE6D /* SinaWeiboConnection.framework in Frameworks */,
				CB1CF7E51A84EE6200CCF560 /* libicucore.dylib in Frameworks */,
				CBC9CA1A1A88A4B900FAAE6D /* ShareSDKiPhoneDefaultShareViewUI.framework in Frameworks */,
				CBC9CA151A88A4B900FAAE6D /* ShareSDK.framework in Frameworks */,
				CBC9CA1C1A88A4B900FAAE6D /* ShareSDKiPhoneSimpleShareViewUI.framework in Frameworks */,
				CBC9CA131A88A4B900FAAE6D /* libWeiboSDK.a in Frameworks */,
				CBC9CA0E1A88A4B900FAAE6D /* AGCommon.framework in Frameworks */,
				CBC49ABC1AA9C5CB00701E86 /* Parse.framework in Frameworks */,
				CB1CF7E31A84EE5600CCF560 /* CoreTelephony.framework in Frameworks */,
				CB1CF7E11A84EE4B00CCF560 /* QuartzCore.framework in Frameworks */,
				CBC9CA181A88A4B900FAAE6D /* ShareSDKShareActionSheet.framework in Frameworks */,
				CBC9CA171A88A4B900FAAE6D /* ShareSDKFlatShareViewUI.framework in Frameworks */,
			);
			runOnlyForDeploymentPostprocessing = 0;
		};
		CBC042771A25FC8800597951 /* Frameworks */ = {
			isa = PBXFrameworksBuildPhase;
			buildActionMask = 2147483647;
			files = (
			);
			runOnlyForDeploymentPostprocessing = 0;
		};
/* End PBXFrameworksBuildPhase section */

/* Begin PBXGroup section */
		CB16507E1A3164A200AB25DD /* EditMovie */ = {
			isa = PBXGroup;
			children = (
				CB16507F1A3164E200AB25DD /* MoviePreviewView.swift */,
				CB1650811A31652700AB25DD /* EditMovieViewController.swift */,
			);
			name = EditMovie;
			sourceTree = "<group>";
		};
		CB1650831A3166C300AB25DD /* TakeMovie */ = {
			isa = PBXGroup;
			children = (
				CBB38B5F1A2F10B600610CB1 /* TakeMovieView.swift */,
				CB5C77231A2D68A5007ACD7E /* TakeMovieViewController.swift */,
			);
			name = TakeMovie;
			sourceTree = "<group>";
		};
		CB1650841A3166E200AB25DD /* Home */ = {
			isa = PBXGroup;
			children = (
				CB5C77271A2DA4E5007ACD7E /* MainTabViewController.swift */,
				CBC0426A1A25FC8800597951 /* HomeViewController.swift */,
				CBC0426C1A25FC8800597951 /* AccountViewController.swift */,
				CB5C772A1A2E0C9C007ACD7E /* PreTakeMovieViewController.swift */,
			);
			name = Home;
			sourceTree = "<group>";
		};
		CB1CF79D1A84828200CCF560 /* UI */ = {
			isa = PBXGroup;
			children = (
				CB1CF79E1A8482A500CCF560 /* BorderTextView.swift */,
			);
			name = UI;
			sourceTree = "<group>";
		};
		CB687BAE1A81096700D1DFA4 /* StillMovie */ = {
			isa = PBXGroup;
			children = (
				CB687BAF1A810A8D00D1DFA4 /* StillMovieEffect.swift */,
				CBD847511A354A31002A261A /* GenerateMovieFromImage.swift */,
				CBD847561A35AE6F002A261A /* GenerateMovieFromImage.h */,
				CBD847541A359162002A261A /* GenerateMovieFromImage.m */,
			);
			name = StillMovie;
			sourceTree = "<group>";
		};
		CB6E025B1AAA881C00453435 /* library */ = {
			isa = PBXGroup;
			children = (
				CB2645921AA9CD120062073A /* Accounts.framework */,
				CB2645901AA9CD040062073A /* Social.framework */,
				CBC49ACB1AA9C83600701E86 /* libsqlite3.dylib */,
				CBC49AC71AA9C7F400701E86 /* CoreLocation.framework */,
				CBC49AC51AA9C7EA00701E86 /* CoreGraphics.framework */,
				CBC49AC31AA9C7E100701E86 /* CFNetwork.framework */,
				CBC49AC11AA9C7D900701E86 /* AudioToolbox.framework */,
				CBC49ABF1AA9C68100701E86 /* MobileCoreServices.framework */,
				CBC49ABD1AA9C66200701E86 /* StoreKit.framework */,
				CBC9C9521A889FB400FAAE6D /* ImageIO.framework */,
				CB1CF7EA1A84EE8300CCF560 /* Security.framework */,
				CB1CF7E81A84EE7A00CCF560 /* libz.1.2.5.dylib */,
				CB1CF7E41A84EE6200CCF560 /* libicucore.dylib */,
				CB1CF7E21A84EE5600CCF560 /* CoreTelephony.framework */,
				CB1CF7E01A84EE4B00CCF560 /* QuartzCore.framework */,
				CB1CF7DE1A84EE3D00CCF560 /* SystemConfiguration.framework */,
			);
			name = library;
			sourceTree = "<group>";
		};
		CB95D6C11A81D475000F3BD5 /* ShareMovie */ = {
			isa = PBXGroup;
			children = (
				CB95D6C21A820308000F3BD5 /* ShareMovieViewController.swift */,
			);
			name = ShareMovie;
			sourceTree = "<group>";
		};
		CBC0425A1A25FC8800597951 = {
			isa = PBXGroup;
			children = (
				CB6E025B1AAA881C00453435 /* library */,
				CBC042651A25FC8800597951 /* TryDemo */,
				CBC0427D1A25FC8800597951 /* TryDemoTests */,
				CBC042641A25FC8800597951 /* Products */,
			);
			sourceTree = "<group>";
		};
		CBC042641A25FC8800597951 /* Products */ = {
			isa = PBXGroup;
			children = (
				CBC042631A25FC8800597951 /* MagicCam.app */,
				CBC0427A1A25FC8800597951 /* ICamMovTests.xctest */,
			);
			name = Products;
			sourceTree = "<group>";
		};
		CBC042651A25FC8800597951 /* TryDemo */ = {
			isa = PBXGroup;
			children = (
				CB2645941AA9D66E0062073A /* Bolts.framework */,
				CBC49ABB1AA9C5CB00701E86 /* Parse.framework */,
				CBC9C9ED1A88A4B900FAAE6D /* ShareSDK */,
				CBD847531A359162002A261A /* TryDemo-Bridging-Header.h */,
				CBC042681A25FC8800597951 /* AppDelegate.swift */,
				CB1650841A3166E200AB25DD /* Home */,
				CB1650831A3166C300AB25DD /* TakeMovie */,
				CB16507E1A3164A200AB25DD /* EditMovie */,
				CB95D6C11A81D475000F3BD5 /* ShareMovie */,
				CBF5368A1A7F8310002CED5E /* Effects */,
				CB1CF79D1A84828200CCF560 /* UI */,
				CBD07A3F1AAAFCD600963F4A /* LoginViewController.swift */,
				CBC0426E1A25FC8800597951 /* Main.storyboard */,
				CB78ED191A64262700CBAD45 /* main.mov */,
				CB78ED1A1A64262700CBAD45 /* prefix.mov */,
				CB63A5C21A3EEB9B0091B62B /* img1.JPG */,
				CB63A5C61A3EF0460091B62B /* img3.JPG */,
				CBC042711A25FC8800597951 /* Images.xcassets */,
				CBC042731A25FC8800597951 /* LaunchScreen.xib */,
				CBC042661A25FC8800597951 /* Supporting Files */,
			);
			name = TryDemo;
			path = ICamMov;
			sourceTree = "<group>";
		};
		CBC042661A25FC8800597951 /* Supporting Files */ = {
			isa = PBXGroup;
			children = (
				CBC042671A25FC8800597951 /* Info.plist */,
			);
			name = "Supporting Files";
			sourceTree = "<group>";
		};
		CBC0427D1A25FC8800597951 /* TryDemoTests */ = {
			isa = PBXGroup;
			children = (
				CBC042801A25FC8800597951 /* TryDemoTests.swift */,
				CBC0427E1A25FC8800597951 /* Supporting Files */,
			);
			path = TryDemoTests;
			sourceTree = "<group>";
		};
		CBC0427E1A25FC8800597951 /* Supporting Files */ = {
			isa = PBXGroup;
			children = (
				CBC0427F1A25FC8800597951 /* Info.plist */,
			);
			name = "Supporting Files";
			sourceTree = "<group>";
		};
		CBC9C9ED1A88A4B900FAAE6D /* ShareSDK */ = {
			isa = PBXGroup;
			children = (
				CBC9C9EE1A88A4B900FAAE6D /* Connection */,
				CBC9C9F21A88A4B900FAAE6D /* Core */,
				CBC9C9F91A88A4B900FAAE6D /* Extend */,
				CBC9CA021A88A4B900FAAE6D /* ShareSDK.framework */,
				CBC9CA031A88A4B900FAAE6D /* UI */,
			);
			path = ShareSDK;
			sourceTree = "<group>";
		};
		CBC9C9EE1A88A4B900FAAE6D /* Connection */ = {
			isa = PBXGroup;
			children = (
				CBC9C9EF1A88A4B900FAAE6D /* FacebookConnection.framework */,
				CBC9C9F01A88A4B900FAAE6D /* SinaWeiboConnection.framework */,
				CBC9C9F11A88A4B900FAAE6D /* WeChatConnection.framework */,
			);
			path = Connection;
			sourceTree = "<group>";
		};
		CBC9C9F21A88A4B900FAAE6D /* Core */ = {
			isa = PBXGroup;
			children = (
				CBC9C9F31A88A4B900FAAE6D /* AGCommon.framework */,
				CBC9C9F41A88A4B900FAAE6D /* Resource.bundle */,
				CBC9C9F51A88A4B900FAAE6D /* ShareSDKCoreService.framework */,
				CBC9C9F61A88A4B900FAAE6D /* ShareSDKLocalizable.strings */,
			);
			path = Core;
			sourceTree = "<group>";
		};
		CBC9C9F91A88A4B900FAAE6D /* Extend */ = {
			isa = PBXGroup;
			children = (
				CBC9C9FA1A88A4B900FAAE6D /* SinaWeiboSDK */,
				CBC9C9FE1A88A4B900FAAE6D /* WeChatSDK */,
			);
			path = Extend;
			sourceTree = "<group>";
		};
		CBC9C9FA1A88A4B900FAAE6D /* SinaWeiboSDK */ = {
			isa = PBXGroup;
			children = (
				CBC9C9FB1A88A4B900FAAE6D /* WeiboSDK.bundle */,
				CBC9C9FC1A88A4B900FAAE6D /* WeiboSDK.h */,
				CBC9C9FD1A88A4B900FAAE6D /* libWeiboSDK.a */,
			);
			path = SinaWeiboSDK;
			sourceTree = "<group>";
		};
		CBC9C9FE1A88A4B900FAAE6D /* WeChatSDK */ = {
			isa = PBXGroup;
			children = (
				CBC9C9FF1A88A4B900FAAE6D /* WXApi.h */,
				CBC9CA001A88A4B900FAAE6D /* WXApiObject.h */,
				CBC9CA011A88A4B900FAAE6D /* libWeChatSDK.a */,
			);
			path = WeChatSDK;
			sourceTree = "<group>";
		};
		CBC9CA031A88A4B900FAAE6D /* UI */ = {
			isa = PBXGroup;
			children = (
				CBC9CA041A88A4B900FAAE6D /* ShareSDKFlatShareViewUI.bundle */,
				CBC9CA051A88A4B900FAAE6D /* ShareSDKFlatShareViewUI.framework */,
				CBC9CA061A88A4B900FAAE6D /* ShareSDKShareActionSheet.framework */,
				CBC9CA071A88A4B900FAAE6D /* ShareSDKiPhoneDefaultShareViewUI.bundle */,
				CBC9CA081A88A4B900FAAE6D /* ShareSDKiPhoneDefaultShareViewUI.framework */,
				CBC9CA091A88A4B900FAAE6D /* ShareSDKiPhoneSimpleShareViewUI.bundle */,
				CBC9CA0A1A88A4B900FAAE6D /* ShareSDKiPhoneSimpleShareViewUI.framework */,
			);
			path = UI;
			sourceTree = "<group>";
		};
		CBF5368A1A7F8310002CED5E /* Effects */ = {
			isa = PBXGroup;
			children = (
				CB687BB11A810BA600D1DFA4 /* EffectsProtocol.swift */,
				CB687BAE1A81096700D1DFA4 /* StillMovie */,
			);
			name = Effects;
			sourceTree = "<group>";
		};
/* End PBXGroup section */

/* Begin PBXNativeTarget section */
		CBC042621A25FC8800597951 /* ICamMov */ = {
			isa = PBXNativeTarget;
			buildConfigurationList = CBC042841A25FC8800597951 /* Build configuration list for PBXNativeTarget "ICamMov" */;
			buildPhases = (
				CBC0425F1A25FC8800597951 /* Sources */,
				CBC042601A25FC8800597951 /* Frameworks */,
				CBC042611A25FC8800597951 /* Resources */,
			);
			buildRules = (
			);
			dependencies = (
			);
			name = ICamMov;
			productName = TryDemo;
			productReference = CBC042631A25FC8800597951 /* MagicCam.app */;
			productType = "com.apple.product-type.application";
		};
		CBC042791A25FC8800597951 /* ICamMovTests */ = {
			isa = PBXNativeTarget;
			buildConfigurationList = CBC042871A25FC8800597951 /* Build configuration list for PBXNativeTarget "ICamMovTests" */;
			buildPhases = (
				CBC042761A25FC8800597951 /* Sources */,
				CBC042771A25FC8800597951 /* Frameworks */,
				CBC042781A25FC8800597951 /* Resources */,
			);
			buildRules = (
			);
			dependencies = (
				CBC0427C1A25FC8800597951 /* PBXTargetDependency */,
			);
			name = ICamMovTests;
			productName = TryDemoTests;
			productReference = CBC0427A1A25FC8800597951 /* ICamMovTests.xctest */;
			productType = "com.apple.product-type.bundle.unit-test";
		};
/* End PBXNativeTarget section */

/* Begin PBXProject section */
		CBC0425B1A25FC8800597951 /* Project object */ = {
			isa = PBXProject;
			attributes = {
				LastUpgradeCheck = 0610;
				ORGANIZATIONNAME = sunset;
				TargetAttributes = {
					CBC042621A25FC8800597951 = {
						CreatedOnToolsVersion = 6.1;
						DevelopmentTeam = FL2H8E474Y;
					};
					CBC042791A25FC8800597951 = {
						CreatedOnToolsVersion = 6.1;
						TestTargetID = CBC042621A25FC8800597951;
					};
				};
			};
			buildConfigurationList = CBC0425E1A25FC8800597951 /* Build configuration list for PBXProject "ICamMov" */;
			compatibilityVersion = "Xcode 3.2";
			developmentRegion = English;
			hasScannedForEncodings = 0;
			knownRegions = (
				en,
				Base,
				"zh-Hans",
			);
			mainGroup = CBC0425A1A25FC8800597951;
			productRefGroup = CBC042641A25FC8800597951 /* Products */;
			projectDirPath = "";
			projectRoot = "";
			targets = (
				CBC042621A25FC8800597951 /* ICamMov */,
				CBC042791A25FC8800597951 /* ICamMovTests */,
			);
		};
/* End PBXProject section */

/* Begin PBXResourcesBuildPhase section */
		CBC042611A25FC8800597951 /* Resources */ = {
			isa = PBXResourcesBuildPhase;
			buildActionMask = 2147483647;
			files = (
				CBC9CA191A88A4B900FAAE6D /* ShareSDKiPhoneDefaultShareViewUI.bundle in Resources */,
				CBC9CA1B1A88A4B900FAAE6D /* ShareSDKiPhoneSimpleShareViewUI.bundle in Resources */,
				CBC042701A25FC8800597951 /* Main.storyboard in Resources */,
				CB63A5C31A3EEB9B0091B62B /* img1.JPG in Resources */,
				CBC042751A25FC8800597951 /* LaunchScreen.xib in Resources */,
				CB78ED1B1A64262700CBAD45 /* main.mov in Resources */,
				CBC9CA161A88A4B900FAAE6D /* ShareSDKFlatShareViewUI.bundle in Resources */,
				CB63A5C71A3EF0460091B62B /* img3.JPG in Resources */,
				CB78ED1C1A64262700CBAD45 /* prefix.mov in Resources */,
				CBC9CA111A88A4B900FAAE6D /* ShareSDKLocalizable.strings in Resources */,
				CBC9CA121A88A4B900FAAE6D /* WeiboSDK.bundle in Resources */,
				CBC042721A25FC8800597951 /* Images.xcassets in Resources */,
				CBC9CA0F1A88A4B900FAAE6D /* Resource.bundle in Resources */,
			);
			runOnlyForDeploymentPostprocessing = 0;
		};
		CBC042781A25FC8800597951 /* Resources */ = {
			isa = PBXResourcesBuildPhase;
			buildActionMask = 2147483647;
			files = (
			);
			runOnlyForDeploymentPostprocessing = 0;
		};
/* End PBXResourcesBuildPhase section */

/* Begin PBXSourcesBuildPhase section */
		CBC0425F1A25FC8800597951 /* Sources */ = {
			isa = PBXSourcesBuildPhase;
			buildActionMask = 2147483647;
			files = (
				CB687BB01A810A8D00D1DFA4 /* StillMovieEffect.swift in Sources */,
				CB5C772B1A2E0C9C007ACD7E /* PreTakeMovieViewController.swift in Sources */,
				CB5C77281A2DA4E5007ACD7E /* MainTabViewController.swift in Sources */,
				CB5C77241A2D68A5007ACD7E /* TakeMovieViewController.swift in Sources */,
				CBB38B601A2F10B600610CB1 /* TakeMovieView.swift in Sources */,
				CB1CF79F1A8482A500CCF560 /* BorderTextView.swift in Sources */,
				CB687BB21A810BA600D1DFA4 /* EffectsProtocol.swift in Sources */,
				CBC0426D1A25FC8800597951 /* AccountViewController.swift in Sources */,
				CBD847521A354A31002A261A /* GenerateMovieFromImage.swift in Sources */,
				CBD847551A359162002A261A /* GenerateMovieFromImage.m in Sources */,
				CB95D6C31A820308000F3BD5 /* ShareMovieViewController.swift in Sources */,
				CBC042691A25FC8800597951 /* AppDelegate.swift in Sources */,
				CBD07A401AAAFCD600963F4A /* LoginViewController.swift in Sources */,
				CB1650821A31652700AB25DD /* EditMovieViewController.swift in Sources */,
				CBC0426B1A25FC8800597951 /* HomeViewController.swift in Sources */,
				CB1650801A3164E200AB25DD /* MoviePreviewView.swift in Sources */,
			);
			runOnlyForDeploymentPostprocessing = 0;
		};
		CBC042761A25FC8800597951 /* Sources */ = {
			isa = PBXSourcesBuildPhase;
			buildActionMask = 2147483647;
			files = (
				CBC042811A25FC8800597951 /* TryDemoTests.swift in Sources */,
			);
			runOnlyForDeploymentPostprocessing = 0;
		};
/* End PBXSourcesBuildPhase section */

/* Begin PBXTargetDependency section */
		CBC0427C1A25FC8800597951 /* PBXTargetDependency */ = {
			isa = PBXTargetDependency;
			target = CBC042621A25FC8800597951 /* ICamMov */;
			targetProxy = CBC0427B1A25FC8800597951 /* PBXContainerItemProxy */;
		};
/* End PBXTargetDependency section */

/* Begin PBXVariantGroup section */
		CBC0426E1A25FC8800597951 /* Main.storyboard */ = {
			isa = PBXVariantGroup;
			children = (
				CBC0426F1A25FC8800597951 /* Base */,
			);
			name = Main.storyboard;
			sourceTree = "<group>";
		};
		CBC042731A25FC8800597951 /* LaunchScreen.xib */ = {
			isa = PBXVariantGroup;
			children = (
				CBC042741A25FC8800597951 /* Base */,
			);
			name = LaunchScreen.xib;
			sourceTree = "<group>";
		};
		CBC9C9F61A88A4B900FAAE6D /* ShareSDKLocalizable.strings */ = {
			isa = PBXVariantGroup;
			children = (
				CBC9C9F71A88A4B900FAAE6D /* en */,
				CBC9C9F81A88A4B900FAAE6D /* zh-Hans */,
			);
			name = ShareSDKLocalizable.strings;
			sourceTree = "<group>";
		};
/* End PBXVariantGroup section */

/* Begin XCBuildConfiguration section */
		CBC042821A25FC8800597951 /* Debug */ = {
			isa = XCBuildConfiguration;
			buildSettings = {
				ALWAYS_SEARCH_USER_PATHS = NO;
				CLANG_CXX_LANGUAGE_STANDARD = "gnu++0x";
				CLANG_CXX_LIBRARY = "libc++";
				CLANG_ENABLE_MODULES = YES;
				CLANG_ENABLE_OBJC_ARC = YES;
				CLANG_WARN_BOOL_CONVERSION = YES;
				CLANG_WARN_CONSTANT_CONVERSION = YES;
				CLANG_WARN_DIRECT_OBJC_ISA_USAGE = YES_ERROR;
				CLANG_WARN_EMPTY_BODY = YES;
				CLANG_WARN_ENUM_CONVERSION = YES;
				CLANG_WARN_INT_CONVERSION = YES;
				CLANG_WARN_OBJC_ROOT_CLASS = YES_ERROR;
				CLANG_WARN_UNREACHABLE_CODE = YES;
				CLANG_WARN__DUPLICATE_METHOD_MATCH = YES;
				CODE_SIGN_IDENTITY = "iPhone Developer: Zongze Chen (EZ3726BMXP)";
				"CODE_SIGN_IDENTITY[sdk=iphoneos*]" = "iPhone Developer: Zongze Chen (EZ3726BMXP)";
				COPY_PHASE_STRIP = NO;
				ENABLE_STRICT_OBJC_MSGSEND = YES;
				GCC_C_LANGUAGE_STANDARD = gnu99;
				GCC_DYNAMIC_NO_PIC = NO;
				GCC_OPTIMIZATION_LEVEL = 0;
				GCC_PREPROCESSOR_DEFINITIONS = (
					"DEBUG=1",
					"$(inherited)",
				);
				GCC_SYMBOLS_PRIVATE_EXTERN = NO;
				GCC_WARN_64_TO_32_BIT_CONVERSION = YES;
				GCC_WARN_ABOUT_RETURN_TYPE = YES_ERROR;
				GCC_WARN_UNDECLARED_SELECTOR = YES;
				GCC_WARN_UNINITIALIZED_AUTOS = YES_AGGRESSIVE;
				GCC_WARN_UNUSED_FUNCTION = YES;
				GCC_WARN_UNUSED_VARIABLE = YES;
				IPHONEOS_DEPLOYMENT_TARGET = 7.1;
				MTL_ENABLE_DEBUG_INFO = YES;
				ONLY_ACTIVE_ARCH = YES;
				OTHER_LDFLAGS = "-all_load";
				"OTHER_LDFLAGS[arch=*]" = "-all_load";
				SDKROOT = iphoneos;
				SWIFT_OPTIMIZATION_LEVEL = "-Onone";
			};
			name = Debug;
		};
		CBC042831A25FC8800597951 /* Release */ = {
			isa = XCBuildConfiguration;
			buildSettings = {
				ALWAYS_SEARCH_USER_PATHS = NO;
				CLANG_CXX_LANGUAGE_STANDARD = "gnu++0x";
				CLANG_CXX_LIBRARY = "libc++";
				CLANG_ENABLE_MODULES = YES;
				CLANG_ENABLE_OBJC_ARC = YES;
				CLANG_WARN_BOOL_CONVERSION = YES;
				CLANG_WARN_CONSTANT_CONVERSION = YES;
				CLANG_WARN_DIRECT_OBJC_ISA_USAGE = YES_ERROR;
				CLANG_WARN_EMPTY_BODY = YES;
				CLANG_WARN_ENUM_CONVERSION = YES;
				CLANG_WARN_INT_CONVERSION = YES;
				CLANG_WARN_OBJC_ROOT_CLASS = YES_ERROR;
				CLANG_WARN_UNREACHABLE_CODE = YES;
				CLANG_WARN__DUPLICATE_METHOD_MATCH = YES;
				CODE_SIGN_IDENTITY = "iPhone Developer: Zongze Chen (EZ3726BMXP)";
				"CODE_SIGN_IDENTITY[sdk=iphoneos*]" = "iPhone Developer: Zongze Chen (EZ3726BMXP)";
				COPY_PHASE_STRIP = YES;
				ENABLE_NS_ASSERTIONS = NO;
				ENABLE_STRICT_OBJC_MSGSEND = YES;
				GCC_C_LANGUAGE_STANDARD = gnu99;
				GCC_WARN_64_TO_32_BIT_CONVERSION = YES;
				GCC_WARN_ABOUT_RETURN_TYPE = YES_ERROR;
				GCC_WARN_UNDECLARED_SELECTOR = YES;
				GCC_WARN_UNINITIALIZED_AUTOS = YES_AGGRESSIVE;
				GCC_WARN_UNUSED_FUNCTION = YES;
				GCC_WARN_UNUSED_VARIABLE = YES;
				IPHONEOS_DEPLOYMENT_TARGET = 7.1;
				MTL_ENABLE_DEBUG_INFO = NO;
				OTHER_LDFLAGS = "-all_load";
				"OTHER_LDFLAGS[arch=*]" = "-all_load";
				SDKROOT = iphoneos;
				VALIDATE_PRODUCT = YES;
			};
			name = Release;
		};
		CBC042851A25FC8800597951 /* Debug */ = {
			isa = XCBuildConfiguration;
			buildSettings = {
				ASSETCATALOG_COMPILER_APPICON_NAME = AppIcon;
				ASSETCATALOG_COMPILER_LAUNCHIMAGE_NAME = LaunchImage;
				CLANG_ENABLE_MODULES = YES;
				CODE_SIGN_IDENTITY = "iPhone Developer: Zongze Chen (EZ3726BMXP)";
				"CODE_SIGN_IDENTITY[sdk=iphoneos*]" = "iPhone Developer: Zongze Chen (EZ3726BMXP)";
				FRAMEWORK_SEARCH_PATHS = (
					"$(inherited)",
					"$(PROJECT_DIR)/ICamMov/ShareSDK/Connection",
					"$(PROJECT_DIR)/ICamMov/ShareSDK/Core",
					"$(PROJECT_DIR)/ICamMov/ShareSDK/Extend/QQConnectSDK",
					"$(PROJECT_DIR)/ICamMov/ShareSDK",
					"$(PROJECT_DIR)/ICamMov/ShareSDK/UI",
					"$(PROJECT_DIR)/ICamMov/ShareSDK/Extend/GooglePlusSDK",
					"$(PROJECT_DIR)/ICamMov/ShareSDK/Extend/Pinterest.embeddedframework",
					"$(PROJECT_DIR)/ICamMov/ShareSDK/Extend/RenRenSDK",
					"$(PROJECT_DIR)",
					"$(PROJECT_DIR)/ICamMov",
				);
				INFOPLIST_FILE = ICamMov/Info.plist;
				LD_RUNPATH_SEARCH_PATHS = "$(inherited) @executable_path/Frameworks";
				LIBRARY_SEARCH_PATHS = (
					"$(inherited)",
					"$(PROJECT_DIR)/ICamMov/ShareSDK/Extend/SinaWeiboSDK",
					"$(PROJECT_DIR)/ICamMov/ShareSDK/Extend/WeChatSDK",
					"$(PROJECT_DIR)/ICamMov/ShareSDK/Extend/TencentWeiboSDK",
					"$(PROJECT_DIR)/ICamMov/ShareSDK/Extend/YiXinSDK",
				);
				OTHER_LDFLAGS = "-all_load";
				"OTHER_LDFLAGS[arch=*]" = "-all_load";
				PRODUCT_NAME = MagicCam;
				PROVISIONING_PROFILE = "";
				SWIFT_OBJC_BRIDGING_HEADER = "ICamMov/ICamMov-Bridging-Header.h";
				SWIFT_OPTIMIZATION_LEVEL = "-Onone";
				TARGETED_DEVICE_FAMILY = 1;
			};
			name = Debug;
		};
		CBC042861A25FC8800597951 /* Release */ = {
			isa = XCBuildConfiguration;
			buildSettings = {
				ASSETCATALOG_COMPILER_APPICON_NAME = AppIcon;
				ASSETCATALOG_COMPILER_LAUNCHIMAGE_NAME = LaunchImage;
				CLANG_ENABLE_MODULES = YES;
				CODE_SIGN_IDENTITY = "iPhone Developer: Zongze Chen (EZ3726BMXP)";
				"CODE_SIGN_IDENTITY[sdk=iphoneos*]" = "iPhone Developer: Zongze Chen (EZ3726BMXP)";
				FRAMEWORK_SEARCH_PATHS = (
					"$(inherited)",
					"$(PROJECT_DIR)/ICamMov/ShareSDK/Connection",
					"$(PROJECT_DIR)/ICamMov/ShareSDK/Core",
					"$(PROJECT_DIR)/ICamMov/ShareSDK/Extend/QQConnectSDK",
					"$(PROJECT_DIR)/ICamMov/ShareSDK",
					"$(PROJECT_DIR)/ICamMov/ShareSDK/UI",
					"$(PROJECT_DIR)/ICamMov/ShareSDK/Extend/GooglePlusSDK",
					"$(PROJECT_DIR)/ICamMov/ShareSDK/Extend/Pinterest.embeddedframework",
					"$(PROJECT_DIR)/ICamMov/ShareSDK/Extend/RenRenSDK",
					"$(PROJECT_DIR)",
					"$(PROJECT_DIR)/ICamMov",
				);
				INFOPLIST_FILE = ICamMov/Info.plist;
				LD_RUNPATH_SEARCH_PATHS = "$(inherited) @executable_path/Frameworks";
				LIBRARY_SEARCH_PATHS = (
					"$(inherited)",
					"$(PROJECT_DIR)/ICamMov/ShareSDK/Extend/SinaWeiboSDK",
					"$(PROJECT_DIR)/ICamMov/ShareSDK/Extend/WeChatSDK",
					"$(PROJECT_DIR)/ICamMov/ShareSDK/Extend/TencentWeiboSDK",
					"$(PROJECT_DIR)/ICamMov/ShareSDK/Extend/YiXinSDK",
				);
				OTHER_LDFLAGS = "-all_load";
				"OTHER_LDFLAGS[arch=*]" = "-all_load";
				PRODUCT_NAME = MagicCam;
				PROVISIONING_PROFILE = "";
				SWIFT_OBJC_BRIDGING_HEADER = "ICamMov/ICamMov-Bridging-Header.h";
				TARGETED_DEVICE_FAMILY = 1;
			};
			name = Release;
		};
		CBC042881A25FC8800597951 /* Debug */ = {
			isa = XCBuildConfiguration;
			buildSettings = {
				BUNDLE_LOADER = "$(TEST_HOST)";
				FRAMEWORK_SEARCH_PATHS = (
					"$(SDKROOT)/Developer/Library/Frameworks",
					"$(inherited)",
				);
				GCC_PREPROCESSOR_DEFINITIONS = (
					"DEBUG=1",
					"$(inherited)",
				);
				INFOPLIST_FILE = TryDemoTests/Info.plist;
				LD_RUNPATH_SEARCH_PATHS = "$(inherited) @executable_path/Frameworks @loader_path/Frameworks";
				PRODUCT_NAME = ICamMovTests;
				TEST_HOST = "$(BUILT_PRODUCTS_DIR)/魔视.app/魔视";
			};
			name = Debug;
		};
		CBC042891A25FC8800597951 /* Release */ = {
			isa = XCBuildConfiguration;
			buildSettings = {
				BUNDLE_LOADER = "$(TEST_HOST)";
				FRAMEWORK_SEARCH_PATHS = (
					"$(SDKROOT)/Developer/Library/Frameworks",
					"$(inherited)",
				);
				INFOPLIST_FILE = TryDemoTests/Info.plist;
				LD_RUNPATH_SEARCH_PATHS = "$(inherited) @executable_path/Frameworks @loader_path/Frameworks";
				PRODUCT_NAME = ICamMovTests;
				TEST_HOST = "$(BUILT_PRODUCTS_DIR)/魔视.app/魔视";
			};
			name = Release;
		};
/* End XCBuildConfiguration section */

/* Begin XCConfigurationList section */
		CBC0425E1A25FC8800597951 /* Build configuration list for PBXProject "ICamMov" */ = {
			isa = XCConfigurationList;
			buildConfigurations = (
				CBC042821A25FC8800597951 /* Debug */,
				CBC042831A25FC8800597951 /* Release */,
			);
			defaultConfigurationIsVisible = 0;
			defaultConfigurationName = Release;
		};
		CBC042841A25FC8800597951 /* Build configuration list for PBXNativeTarget "ICamMov" */ = {
			isa = XCConfigurationList;
			buildConfigurations = (
				CBC042851A25FC8800597951 /* Debug */,
				CBC042861A25FC8800597951 /* Release */,
			);
			defaultConfigurationIsVisible = 0;
			defaultConfigurationName = Release;
		};
		CBC042871A25FC8800597951 /* Build configuration list for PBXNativeTarget "ICamMovTests" */ = {
			isa = XCConfigurationList;
			buildConfigurations = (
				CBC042881A25FC8800597951 /* Debug */,
				CBC042891A25FC8800597951 /* Release */,
			);
			defaultConfigurationIsVisible = 0;
			defaultConfigurationName = Release;
		};
/* End XCConfigurationList section */
	};
	rootObject = CBC0425B1A25FC8800597951 /* Project object */;
}
